{
  "name": "@worksheets/engine",
  "version": "0.0.1",
  "lockfileVersion": 3,
  "requires": true,
  "packages": {
    "": {
      "name": "@worksheets/engine",
      "version": "0.0.1",
      "devDependencies": {
        "@types/esprima": "^4.0.3",
        "@types/estraverse": "^5.1.2",
        "@types/js-yaml": "^4.0.5",
        "@types/lodash": "^4.14.194"
      }
    },
    "node_modules/@types/esprima": {
      "version": "4.0.3",
      "resolved": "https://registry.npmjs.org/@types/esprima/-/esprima-4.0.3.tgz",
      "integrity": "sha512-jo14dIWVVtF0iMsKkYek6++4cWJjwpvog+rchLulwgFJGTXqIeTdCOvY0B3yMLTaIwMcKCdJ6mQbSR6wYHy98A==",
      "dev": true,
      "dependencies": {
        "@types/estree": "*"
      }
    },
    "node_modules/@types/estraverse": {
      "version": "5.1.2",
      "resolved": "https://registry.npmjs.org/@types/estraverse/-/estraverse-5.1.2.tgz",
      "integrity": "sha512-3Rndn7sxqRc57WCN+LEaTmwgHAxrGUylgUk5zZsKzqioCbXpk7nSBxDWjPLoE96ZeykGFORMJ45V7N1TFaPg6A==",
      "dev": true,
      "dependencies": {
        "@types/estree": "*"
      }
    },
    "node_modules/@types/estree": {
      "version": "1.0.1",
      "resolved": "https://registry.npmjs.org/@types/estree/-/estree-1.0.1.tgz",
      "integrity": "sha512-LG4opVs2ANWZ1TJoKc937iMmNstM/d0ae1vNbnBvBhqCSezgVUOzcLCqbI5elV8Vy6WKwKjaqR+zO9VKirBBCA==",
      "dev": true
    },
    "node_modules/@types/js-yaml": {
      "version": "4.0.5",
      "resolved": "https://registry.npmjs.org/@types/js-yaml/-/js-yaml-4.0.5.tgz",
      "integrity": "sha512-FhpRzf927MNQdRZP0J5DLIdTXhjLYzeUTmLAu69mnVksLH9CJY3IuSeEgbKUki7GQZm0WqDkGzyxju2EZGD2wA==",
      "dev": true
    },
    "node_modules/@types/lodash": {
      "version": "4.14.194",
      "resolved": "https://registry.npmjs.org/@types/lodash/-/lodash-4.14.194.tgz",
      "integrity": "sha512-r22s9tAS7imvBt2lyHC9B8AGwWnXaYb1tY09oyLkXDs4vArpYJzw09nj8MLx5VfciBPGIb+ZwG0ssYnEPJxn/g==",
      "dev": true
    }
  }
}
