{
  "name": "@worksheets/apps/google/gmail",
  "version": "0.0.1",
  "lockfileVersion": 3,
  "requires": true,
  "packages": {
    "": {
      "name": "@worksheets/apps/google/gmail",
      "version": "0.0.1",
      "devDependencies": {
        "@types/nodemailer": "^6.4.8"
      }
    },
    "node_modules/@types/node": {
      "version": "20.2.5",
      "resolved": "https://registry.npmjs.org/@types/node/-/node-20.2.5.tgz",
      "integrity": "sha512-JJulVEQXmiY9Px5axXHeYGLSjhkZEnD+MDPDGbCbIAbMslkKwmygtZFy1X6s/075Yo94sf8GuSlFfPzysQrWZQ==",
      "dev": true
    },
    "node_modules/@types/nodemailer": {
      "version": "6.4.8",
      "resolved": "https://registry.npmjs.org/@types/nodemailer/-/nodemailer-6.4.8.tgz",
      "integrity": "sha512-oVsJSCkqViCn8/pEu2hfjwVO+Gb3e+eTWjg3PcjeFKRItfKpKwHphQqbYmPQrlMk+op7pNNWPbsJIEthpFN/OQ==",
      "dev": true,
      "dependencies": {
        "@types/node": "*"
      }
    }
  }
}
