{
  "name": "@worksheets/apps/json",
  "version": "0.0.1",
  "lockfileVersion": 3,
  "requires": true,
  "packages": {
    "": {
      "name": "@worksheets/apps/json",
      "version": "0.0.1",
      "devDependencies": {
        "@types/json-query": "^2.2.3"
      }
    },
    "node_modules/@types/json-query": {
      "version": "2.2.3",
      "resolved": "https://registry.npmjs.org/@types/json-query/-/json-query-2.2.3.tgz",
      "integrity": "sha512-ygE4p8lyKzTBo9LF2K/u6MHnxPxbHY6wGvwM7TdAKhbP3SvEf+Y9aeVWedDiP8SMIPowTl9R/6awQYjiUTHz2g==",
      "dev": true
    }
  }
}
