{
  "name": "@worksheets/apps/json",
  "version": "0.0.1",
  "lockfileVersion": 3,
  "requires": true,
  "packages": {
    "": {
      "name": "@worksheets/apps/json",
      "version": "0.0.1",
      "devDependencies": {
        "@types/jsonpath": "^0.2.0"
      }
    },
    "node_modules/@types/jsonpath": {
      "version": "0.2.0",
      "resolved": "https://registry.npmjs.org/@types/jsonpath/-/jsonpath-0.2.0.tgz",
      "integrity": "sha512-v7qlPA0VpKUlEdhghbDqRoKMxFB3h3Ch688TApBJ6v+XLDdvWCGLJIYiPKGZnS6MAOie+IorCfNYVHOPIHSWwQ==",
      "dev": true
    }
  }
}
